// !$*UTF8*$!
{
	archiveVersion = 1;
	classes = {
	};
	objectVersion = 48;
	objects = {

/* Begin PBXBuildFile section */
		216ABCB31F3E05D700A669C3 /* AppDelegate.swift in Sources */ = {isa = PBXBuildFile; fileRef = 216ABCB21F3E05D700A669C3 /* AppDelegate.swift */; };
		216ABCB51F3E05D700A669C3 /* art.scnassets in Resources */ = {isa = PBXBuildFile; fileRef = 216ABCB41F3E05D700A669C3 /* art.scnassets */; };
		216ABCB71F3E05D700A669C3 /* ViewController.swift in Sources */ = {isa = PBXBuildFile; fileRef = 216ABCB61F3E05D700A669C3 /* ViewController.swift */; };
		216ABCBA1F3E05D700A669C3 /* Main.storyboard in Resources */ = {isa = PBXBuildFile; fileRef = 216ABCB81F3E05D700A669C3 /* Main.storyboard */; };
		216ABCBC1F3E05D700A669C3 /* Assets.xcassets in Resources */ = {isa = PBXBuildFile; fileRef = 216ABCBB1F3E05D700A669C3 /* Assets.xcassets */; };
		216ABCBF1F3E05D700A669C3 /* LaunchScreen.storyboard in Resources */ = {isa = PBXBuildFile; fileRef = 216ABCBD1F3E05D700A669C3 /* LaunchScreen.storyboard */; };
		219872631F3E39C400B574B4 /* sound_fire.mp3 in Resources */ = {isa = PBXBuildFile; fileRef = 21E4B2601F3E35DB0092D6BA /* sound_fire.mp3 */; };
		21E4B25A1F3E31950092D6BA /* fire.scnp in Resources */ = {isa = PBXBuildFile; fileRef = 21E4B2581F3E31950092D6BA /* fire.scnp */; };
		21E4B25B1F3E31950092D6BA /* spark.png in Resources */ = {isa = PBXBuildFile; fileRef = 21E4B2591F3E31950092D6BA /* spark.png */; };
/* End PBXBuildFile section */

/* Begin PBXFileReference section */
		216ABCAF1F3E05D700A669C3 /* ARTouchGesture.app */ = {isa = PBXFileReference; explicitFileType = wrapper.application; includeInIndex = 0; path = ARTouchGesture.app; sourceTree = BUILT_PRODUCTS_DIR; };
		216ABCB21F3E05D700A669C3 /* AppDelegate.swift */ = {isa = PBXFileReference; lastKnownFileType = sourcecode.swift; path = AppDelegate.swift; sourceTree = "<group>"; };
		216ABCB41F3E05D700A669C3 /* art.scnassets */ = {isa = PBXFileReference; lastKnownFileType = wrapper.scnassets; path = art.scnassets; sourceTree = "<group>"; };
		216ABCB61F3E05D700A669C3 /* ViewController.swift */ = {isa = PBXFileReference; lastKnownFileType = sourcecode.swift; path = ViewController.swift; sourceTree = "<group>"; };
		216ABCB91F3E05D700A669C3 /* Base */ = {isa = PBXFileReference; lastKnownFileType = file.storyboard; name = Base; path = Base.lproj/Main.storyboard; sourceTree = "<group>"; };
		216ABCBB1F3E05D700A669C3 /* Assets.xcassets */ = {isa = PBXFileReference; lastKnownFileType = folder.assetcatalog; path = Assets.xcassets; sourceTree = "<group>"; };
		216ABCBE1F3E05D700A669C3 /* Base */ = {isa = PBXFileReference; lastKnownFileType = file.storyboard; name = Base; path = Base.lproj/LaunchScreen.storyboard; sourceTree = "<group>"; };
		216ABCC01F3E05D700A669C3 /* Info.plist */ = {isa = PBXFileReference; lastKnownFileType = text.plist.xml; path = Info.plist; sourceTree = "<group>"; };
		219872651F3E476200B574B4 /* sound_fire.mp3 */ = {isa = PBXFileReference; lastKnownFileType = audio.mp3; path = sound_fire.mp3; sourceTree = "<group>"; };
		21E4B2581F3E31950092D6BA /* fire.scnp */ = {isa = PBXFileReference; lastKnownFileType = file.scp; path = fire.scnp; sourceTree = "<group>"; };
		21E4B2591F3E31950092D6BA /* spark.png */ = {isa = PBXFileReference; lastKnownFileType = image.png; path = spark.png; sourceTree = "<group>"; };
		21E4B2601F3E35DB0092D6BA /* sound_fire.mp3 */ = {isa = PBXFileReference; lastKnownFileType = audio.mp3; path = sound_fire.mp3; sourceTree = "<group>"; };
/* End PBXFileReference section */

/* Begin PBXFrameworksBuildPhase section */
		216ABCAC1F3E05D700A669C3 /* Frameworks */ = {
			isa = PBXFrameworksBuildPhase;
			buildActionMask = 2147483647;
			files = (
			);
			runOnlyForDeploymentPostprocessing = 0;
		};
/* End PBXFrameworksBuildPhase section */

/* Begin PBXGroup section */
		2168EF5A1F3E2A92000EA524 /* ParticleSystems */ = {
			isa = PBXGroup;
			children = (
				21E4B2581F3E31950092D6BA /* fire.scnp */,
				21E4B2591F3E31950092D6BA /* spark.png */,
			);
			path = ParticleSystems;
			sourceTree = "<group>";
		};
		216ABCA61F3E05D700A669C3 = {
			isa = PBXGroup;
			children = (
				216ABCB11F3E05D700A669C3 /* ARTouchGesture */,
				216ABCB01F3E05D700A669C3 /* Products */,
			);
			sourceTree = "<group>";
		};
		216ABCB01F3E05D700A669C3 /* Products */ = {
			isa = PBXGroup;
			children = (
				216ABCAF1F3E05D700A669C3 /* ARTouchGesture.app */,
			);
			name = Products;
			sourceTree = "<group>";
		};
		216ABCB11F3E05D700A669C3 /* ARTouchGesture */ = {
			isa = PBXGroup;
			children = (
				219872651F3E476200B574B4 /* sound_fire.mp3 */,
				216ABCB21F3E05D700A669C3 /* AppDelegate.swift */,
				216ABCB61F3E05D700A669C3 /* ViewController.swift */,
				216ABCB81F3E05D700A669C3 /* Main.storyboard */,
				216ABCBD1F3E05D700A669C3 /* LaunchScreen.storyboard */,
				21E4B25C1F3E33BC0092D6BA /* Sound */,
				2168EF5A1F3E2A92000EA524 /* ParticleSystems */,
				216ABCB41F3E05D700A669C3 /* art.scnassets */,
				216ABCBB1F3E05D700A669C3 /* Assets.xcassets */,
				216ABCC01F3E05D700A669C3 /* Info.plist */,
			);
			path = ARTouchGesture;
			sourceTree = "<group>";
		};
		21E4B25C1F3E33BC0092D6BA /* Sound */ = {
			isa = PBXGroup;
			children = (
				21E4B2601F3E35DB0092D6BA /* sound_fire.mp3 */,
			);
			path = Sound;
			sourceTree = "<group>";
		};
/* End PBXGroup section */

/* Begin PBXNativeTarget section */
		216ABCAE1F3E05D700A669C3 /* ARTouchGesture */ = {
			isa = PBXNativeTarget;
			buildConfigurationList = 216ABCC31F3E05D700A669C3 /* Build configuration list for PBXNativeTarget "ARTouchGesture" */;
			buildPhases = (
				216ABCAB1F3E05D700A669C3 /* Sources */,
				216ABCAC1F3E05D700A669C3 /* Frameworks */,
				216ABCAD1F3E05D700A669C3 /* Resources */,
			);
			buildRules = (
			);
			dependencies = (
			);
			name = ARTouchGesture;
			productName = ARTouchGesture;
			productReference = 216ABCAF1F3E05D700A669C3 /* ARTouchGesture.app */;
			productType = "com.apple.product-type.application";
		};
/* End PBXNativeTarget section */

/* Begin PBXProject section */
		216ABCA71F3E05D700A669C3 /* Project object */ = {
			isa = PBXProject;
			attributes = {
				LastSwiftUpdateCheck = 0900;
				LastUpgradeCheck = 0900;
				ORGANIZATIONNAME = "Clint Cabanero";
				TargetAttributes = {
					216ABCAE1F3E05D700A669C3 = {
						CreatedOnToolsVersion = 9.0;
					};
				};
			};
			buildConfigurationList = 216ABCAA1F3E05D700A669C3 /* Build configuration list for PBXProject "ARTouchGesture" */;
			compatibilityVersion = "Xcode 8.0";
			developmentRegion = en;
			hasScannedForEncodings = 0;
			knownRegions = (
				en,
				Base,
			);
			mainGroup = 216ABCA61F3E05D700A669C3;
			productRefGroup = 216ABCB01F3E05D700A669C3 /* Products */;
			projectDirPath = "";
			projectRoot = "";
			targets = (
				216ABCAE1F3E05D700A669C3 /* ARTouchGesture */,
			);
		};
/* End PBXProject section */

/* Begin PBXResourcesBuildPhase section */
		216ABCAD1F3E05D700A669C3 /* Resources */ = {
			isa = PBXResourcesBuildPhase;
			buildActionMask = 2147483647;
			files = (
				216ABCB51F3E05D700A669C3 /* art.scnassets in Resources */,
				219872631F3E39C400B574B4 /* sound_fire.mp3 in Resources */,
				21E4B25B1F3E31950092D6BA /* spark.png in Resources */,
				21E4B25A1F3E31950092D6BA /* fire.scnp in Resources */,
				216ABCBF1F3E05D700A669C3 /* LaunchScreen.storyboard in Resources */,
				216ABCBC1F3E05D700A669C3 /* Assets.xcassets in Resources */,
				216ABCBA1F3E05D700A669C3 /* Main.storyboard in Resources */,
			);
			runOnlyForDeploymentPostprocessing = 0;
		};
/* End PBXResourcesBuildPhase section */

/* Begin PBXSourcesBuildPhase section */
		216ABCAB1F3E05D700A669C3 /* Sources */ = {
			isa = PBXSourcesBuildPhase;
			buildActionMask = 2147483647;
			files = (
				216ABCB71F3E05D700A669C3 /* ViewController.swift in Sources */,
				216ABCB31F3E05D700A669C3 /* AppDelegate.swift in Sources */,
			);
			runOnlyForDeploymentPostprocessing = 0;
		};
/* End PBXSourcesBuildPhase section */

/* Begin PBXVariantGroup section */
		216ABCB81F3E05D700A669C3 /* Main.storyboard */ = {
			isa = PBXVariantGroup;
			children = (
				216ABCB91F3E05D700A669C3 /* Base */,
			);
			name = Main.storyboard;
			sourceTree = "<group>";
		};
		216ABCBD1F3E05D700A669C3 /* LaunchScreen.storyboard */ = {
			isa = PBXVariantGroup;
			children = (
				216ABCBE1F3E05D700A669C3 /* Base */,
			);
			name = LaunchScreen.storyboard;
			sourceTree = "<group>";
		};
/* End PBXVariantGroup section */

/* Begin XCBuildConfiguration section */
		216ABCC11F3E05D700A669C3 /* Debug */ = {
			isa = XCBuildConfiguration;
			buildSettings = {
				ALWAYS_SEARCH_USER_PATHS = NO;
				CLANG_ANALYZER_NONNULL = YES;
				CLANG_ANALYZER_NUMBER_OBJECT_CONVERSION = YES_AGGRESSIVE;
				CLANG_CXX_LANGUAGE_STANDARD = "gnu++14";
				CLANG_CXX_LIBRARY = "libc++";
				CLANG_ENABLE_MODULES = YES;
				CLANG_ENABLE_OBJC_ARC = YES;
				CLANG_WARN_BLOCK_CAPTURE_AUTORELEASING = YES;
				CLANG_WARN_BOOL_CONVERSION = YES;
				CLANG_WARN_COMMA = YES;
				CLANG_WARN_CONSTANT_CONVERSION = YES;
				CLANG_WARN_DIRECT_OBJC_ISA_USAGE = YES_ERROR;
				CLANG_WARN_DOCUMENTATION_COMMENTS = YES;
				CLANG_WARN_EMPTY_BODY = YES;
				CLANG_WARN_ENUM_CONVERSION = YES;
				CLANG_WARN_INFINITE_RECURSION = YES;
				CLANG_WARN_INT_CONVERSION = YES;
				CLANG_WARN_NON_LITERAL_NULL_CONVERSION = YES;
				CLANG_WARN_OBJC_LITERAL_CONVERSION = YES;
				CLANG_WARN_OBJC_ROOT_CLASS = YES_ERROR;
				CLANG_WARN_RANGE_LOOP_ANALYSIS = YES;
				CLANG_WARN_STRICT_PROTOTYPES = YES;
				CLANG_WARN_SUSPICIOUS_MOVE = YES;
				CLANG_WARN_UNGUARDED_AVAILABILITY = YES_AGGRESSIVE;
				CLANG_WARN_UNREACHABLE_CODE = YES;
				CLANG_WARN__DUPLICATE_METHOD_MATCH = YES;
				CODE_SIGN_IDENTITY = "iPhone Developer";
				COPY_PHASE_STRIP = NO;
				DEBUG_INFORMATION_FORMAT = dwarf;
				ENABLE_STRICT_OBJC_MSGSEND = YES;
				ENABLE_TESTABILITY = YES;
				GCC_C_LANGUAGE_STANDARD = gnu11;
				GCC_DYNAMIC_NO_PIC = NO;
				GCC_NO_COMMON_BLOCKS = YES;
				GCC_OPTIMIZATION_LEVEL = 0;
				GCC_PREPROCESSOR_DEFINITIONS = (
					"DEBUG=1",
					"$(inherited)",
				);
				GCC_WARN_64_TO_32_BIT_CONVERSION = YES;
				GCC_WARN_ABOUT_RETURN_TYPE = YES_ERROR;
				GCC_WARN_UNDECLARED_SELECTOR = YES;
				GCC_WARN_UNINITIALIZED_AUTOS = YES_AGGRESSIVE;
				GCC_WARN_UNUSED_FUNCTION = YES;
				GCC_WARN_UNUSED_VARIABLE = YES;
				IPHONEOS_DEPLOYMENT_TARGET = 11.0;
				MTL_ENABLE_DEBUG_INFO = YES;
				ONLY_ACTIVE_ARCH = YES;
				SDKROOT = iphoneos;
				SWIFT_ACTIVE_COMPILATION_CONDITIONS = DEBUG;
				SWIFT_OPTIMIZATION_LEVEL = "-Onone";
			};
			name = Debug;
		};
		216ABCC21F3E05D700A669C3 /* Release */ = {
			isa = XCBuildConfiguration;
			buildSettings = {
				ALWAYS_SEARCH_USER_PATHS = NO;
				CLANG_ANALYZER_NONNULL = YES;
				CLANG_ANALYZER_NUMBER_OBJECT_CONVERSION = YES_AGGRESSIVE;
				CLANG_CXX_LANGUAGE_STANDARD = "gnu++14";
				CLANG_CXX_LIBRARY = "libc++";
				CLANG_ENABLE_MODULES = YES;
				CLANG_ENABLE_OBJC_ARC = YES;
				CLANG_WARN_BLOCK_CAPTURE_AUTORELEASING = YES;
				CLANG_WARN_BOOL_CONVERSION = YES;
				CLANG_WARN_COMMA = YES;
				CLANG_WARN_CONSTANT_CONVERSION = YES;
				CLANG_WARN_DIRECT_OBJC_ISA_USAGE = YES_ERROR;
				CLANG_WARN_DOCUMENTATION_COMMENTS = YES;
				CLANG_WARN_EMPTY_BODY = YES;
				CLANG_WARN_ENUM_CONVERSION = YES;
				CLANG_WARN_INFINITE_RECURSION = YES;
				CLANG_WARN_INT_CONVERSION = YES;
				CLANG_WARN_NON_LITERAL_NULL_CONVERSION = YES;
				CLANG_WARN_OBJC_LITERAL_CONVERSION = YES;
				CLANG_WARN_OBJC_ROOT_CLASS = YES_ERROR;
				CLANG_WARN_RANGE_LOOP_ANALYSIS = YES;
				CLANG_WARN_STRICT_PROTOTYPES = YES;
				CLANG_WARN_SUSPICIOUS_MOVE = YES;
				CLANG_WARN_UNGUARDED_AVAILABILITY = YES_AGGRESSIVE;
				CLANG_WARN_UNREACHABLE_CODE = YES;
				CLANG_WARN__DUPLICATE_METHOD_MATCH = YES;
				CODE_SIGN_IDENTITY = "iPhone Developer";
				COPY_PHASE_STRIP = NO;
				DEBUG_INFORMATION_FORMAT = "dwarf-with-dsym";
				ENABLE_NS_ASSERTIONS = NO;
				ENABLE_STRICT_OBJC_MSGSEND = YES;
				GCC_C_LANGUAGE_STANDARD = gnu11;
				GCC_NO_COMMON_BLOCKS = YES;
				GCC_WARN_64_TO_32_BIT_CONVERSION = YES;
				GCC_WARN_ABOUT_RETURN_TYPE = YES_ERROR;
				GCC_WARN_UNDECLARED_SELECTOR = YES;
				GCC_WARN_UNINITIALIZED_AUTOS = YES_AGGRESSIVE;
				GCC_WARN_UNUSED_FUNCTION = YES;
				GCC_WARN_UNUSED_VARIABLE = YES;
				IPHONEOS_DEPLOYMENT_TARGET = 11.0;
				MTL_ENABLE_DEBUG_INFO = NO;
				SDKROOT = iphoneos;
				SWIFT_OPTIMIZATION_LEVEL = "-Owholemodule";
				VALIDATE_PRODUCT = YES;
			};
			name = Release;
		};
		216ABCC41F3E05D700A669C3 /* Debug */ = {
			isa = XCBuildConfiguration;
			buildSettings = {
				ASSETCATALOG_COMPILER_APPICON_NAME = AppIcon;
				DEVELOPMENT_TEAM = RS9YEH4YDX;
				INFOPLIST_FILE = ARTouchGesture/Info.plist;
				LD_RUNPATH_SEARCH_PATHS = "$(inherited) @executable_path/Frameworks";
				PRODUCT_BUNDLE_IDENTIFIER = com.clintcabanero.ARTouchGesture;
				PRODUCT_NAME = "$(TARGET_NAME)";
				SWIFT_VERSION = 4.0;
				TARGETED_DEVICE_FAMILY = "1,2";
			};
			name = Debug;
		};
		216ABCC51F3E05D700A669C3 /* Release */ = {
			isa = XCBuildConfiguration;
			buildSettings = {
				ASSETCATALOG_COMPILER_APPICON_NAME = AppIcon;
				DEVELOPMENT_TEAM = RS9YEH4YDX;
				INFOPLIST_FILE = ARTouchGesture/Info.plist;
				LD_RUNPATH_SEARCH_PATHS = "$(inherited) @executable_path/Frameworks";
				PRODUCT_BUNDLE_IDENTIFIER = com.clintcabanero.ARTouchGesture;
				PRODUCT_NAME = "$(TARGET_NAME)";
				SWIFT_VERSION = 4.0;
				TARGETED_DEVICE_FAMILY = "1,2";
			};
			name = Release;
		};
/* End XCBuildConfiguration section */

/* Begin XCConfigurationList section */
		216ABCAA1F3E05D700A669C3 /* Build configuration list for PBXProject "ARTouchGesture" */ = {
			isa = XCConfigurationList;
			buildConfigurations = (
				216ABCC11F3E05D700A669C3 /* Debug */,
				216ABCC21F3E05D700A669C3 /* Release */,
			);
			defaultConfigurationIsVisible = 0;
			defaultConfigurationName = Release;
		};
		216ABCC31F3E05D700A669C3 /* Build configuration list for PBXNativeTarget "ARTouchGesture" */ = {
			isa = XCConfigurationList;
			buildConfigurations = (
				216ABCC41F3E05D700A669C3 /* Debug */,
				216ABCC51F3E05D700A669C3 /* Release */,
			);
			defaultConfigurationIsVisible = 0;
			defaultConfigurationName = Release;
		};
/* End XCConfigurationList section */
	};
	rootObject = 216ABCA71F3E05D700A669C3 /* Project object */;
}
