// !$*UTF8*$!
{
	archiveVersion = 1;
	classes = {
	};
	objectVersion = 48;
	objects = {

/* Begin PBXBuildFile section */
		214893D91F3A368E005A232F /* rain.scnp in Resources */ = {isa = PBXBuildFile; fileRef = 214893D81F3A368E005A232F /* rain.scnp */; };
		214893DB1F3A36F7005A232F /* reactor.scnp in Resources */ = {isa = PBXBuildFile; fileRef = 214893DA1F3A36F7005A232F /* reactor.scnp */; };
		214893DE1F3A3744005A232F /* stars.scnp in Resources */ = {isa = PBXBuildFile; fileRef = 214893DC1F3A3744005A232F /* stars.scnp */; };
		214893DF1F3A3744005A232F /* star.png in Resources */ = {isa = PBXBuildFile; fileRef = 214893DD1F3A3744005A232F /* star.png */; };
		218522411F3A0C35008F51E7 /* AppDelegate.swift in Sources */ = {isa = PBXBuildFile; fileRef = 218522401F3A0C35008F51E7 /* AppDelegate.swift */; };
		218522431F3A0C35008F51E7 /* art.scnassets in Resources */ = {isa = PBXBuildFile; fileRef = 218522421F3A0C35008F51E7 /* art.scnassets */; };
		218522451F3A0C35008F51E7 /* ViewController.swift in Sources */ = {isa = PBXBuildFile; fileRef = 218522441F3A0C35008F51E7 /* ViewController.swift */; };
		218522481F3A0C35008F51E7 /* Main.storyboard in Resources */ = {isa = PBXBuildFile; fileRef = 218522461F3A0C35008F51E7 /* Main.storyboard */; };
		2185224A1F3A0C35008F51E7 /* Assets.xcassets in Resources */ = {isa = PBXBuildFile; fileRef = 218522491F3A0C35008F51E7 /* Assets.xcassets */; };
		2185224D1F3A0C35008F51E7 /* LaunchScreen.storyboard in Resources */ = {isa = PBXBuildFile; fileRef = 2185224B1F3A0C35008F51E7 /* LaunchScreen.storyboard */; };
		218522581F3A0F0B008F51E7 /* fire.scnp in Resources */ = {isa = PBXBuildFile; fileRef = 218522561F3A0F0B008F51E7 /* fire.scnp */; };
		218522591F3A0F0B008F51E7 /* spark.png in Resources */ = {isa = PBXBuildFile; fileRef = 218522571F3A0F0B008F51E7 /* spark.png */; };
		218522601F3A30E8008F51E7 /* smoke.scnp in Resources */ = {isa = PBXBuildFile; fileRef = 2185225E1F3A30E8008F51E7 /* smoke.scnp */; };
		218522611F3A30E8008F51E7 /* smoke.png in Resources */ = {isa = PBXBuildFile; fileRef = 2185225F1F3A30E8008F51E7 /* smoke.png */; };
		218522641F3A360C008F51E7 /* bokeh.scnp in Resources */ = {isa = PBXBuildFile; fileRef = 218522621F3A360C008F51E7 /* bokeh.scnp */; };
		218522651F3A360C008F51E7 /* bokeh.png in Resources */ = {isa = PBXBuildFile; fileRef = 218522631F3A360C008F51E7 /* bokeh.png */; };
		218522681F3A3656008F51E7 /* confetti.scnp in Resources */ = {isa = PBXBuildFile; fileRef = 218522661F3A3656008F51E7 /* confetti.scnp */; };
		218522691F3A3656008F51E7 /* confetti.png in Resources */ = {isa = PBXBuildFile; fileRef = 218522671F3A3656008F51E7 /* confetti.png */; };
/* End PBXBuildFile section */

/* Begin PBXFileReference section */
		214893D81F3A368E005A232F /* rain.scnp */ = {isa = PBXFileReference; lastKnownFileType = file.scp; path = rain.scnp; sourceTree = "<group>"; };
		214893DA1F3A36F7005A232F /* reactor.scnp */ = {isa = PBXFileReference; lastKnownFileType = file.scp; path = reactor.scnp; sourceTree = "<group>"; };
		214893DC1F3A3744005A232F /* stars.scnp */ = {isa = PBXFileReference; lastKnownFileType = file.scp; path = stars.scnp; sourceTree = "<group>"; };
		214893DD1F3A3744005A232F /* star.png */ = {isa = PBXFileReference; lastKnownFileType = image.png; path = star.png; sourceTree = "<group>"; };
		2185223D1F3A0C35008F51E7 /* TouchFire.app */ = {isa = PBXFileReference; explicitFileType = wrapper.application; includeInIndex = 0; path = TouchFire.app; sourceTree = BUILT_PRODUCTS_DIR; };
		218522401F3A0C35008F51E7 /* AppDelegate.swift */ = {isa = PBXFileReference; lastKnownFileType = sourcecode.swift; path = AppDelegate.swift; sourceTree = "<group>"; };
		218522421F3A0C35008F51E7 /* art.scnassets */ = {isa = PBXFileReference; lastKnownFileType = wrapper.scnassets; path = art.scnassets; sourceTree = "<group>"; };
		218522441F3A0C35008F51E7 /* ViewController.swift */ = {isa = PBXFileReference; lastKnownFileType = sourcecode.swift; path = ViewController.swift; sourceTree = "<group>"; };
		218522471F3A0C35008F51E7 /* Base */ = {isa = PBXFileReference; lastKnownFileType = file.storyboard; name = Base; path = Base.lproj/Main.storyboard; sourceTree = "<group>"; };
		218522491F3A0C35008F51E7 /* Assets.xcassets */ = {isa = PBXFileReference; lastKnownFileType = folder.assetcatalog; path = Assets.xcassets; sourceTree = "<group>"; };
		2185224C1F3A0C35008F51E7 /* Base */ = {isa = PBXFileReference; lastKnownFileType = file.storyboard; name = Base; path = Base.lproj/LaunchScreen.storyboard; sourceTree = "<group>"; };
		2185224E1F3A0C35008F51E7 /* Info.plist */ = {isa = PBXFileReference; lastKnownFileType = text.plist.xml; path = Info.plist; sourceTree = "<group>"; };
		218522561F3A0F0B008F51E7 /* fire.scnp */ = {isa = PBXFileReference; lastKnownFileType = file.scp; path = fire.scnp; sourceTree = "<group>"; };
		218522571F3A0F0B008F51E7 /* spark.png */ = {isa = PBXFileReference; lastKnownFileType = image.png; path = spark.png; sourceTree = "<group>"; };
		2185225E1F3A30E8008F51E7 /* smoke.scnp */ = {isa = PBXFileReference; lastKnownFileType = file.scp; path = smoke.scnp; sourceTree = "<group>"; };
		2185225F1F3A30E8008F51E7 /* smoke.png */ = {isa = PBXFileReference; lastKnownFileType = image.png; path = smoke.png; sourceTree = "<group>"; };
		218522621F3A360C008F51E7 /* bokeh.scnp */ = {isa = PBXFileReference; lastKnownFileType = file.scp; path = bokeh.scnp; sourceTree = "<group>"; };
		218522631F3A360C008F51E7 /* bokeh.png */ = {isa = PBXFileReference; lastKnownFileType = image.png; path = bokeh.png; sourceTree = "<group>"; };
		218522661F3A3656008F51E7 /* confetti.scnp */ = {isa = PBXFileReference; lastKnownFileType = file.scp; path = confetti.scnp; sourceTree = "<group>"; };
		218522671F3A3656008F51E7 /* confetti.png */ = {isa = PBXFileReference; lastKnownFileType = image.png; path = confetti.png; sourceTree = "<group>"; };
/* End PBXFileReference section */

/* Begin PBXFrameworksBuildPhase section */
		2185223A1F3A0C35008F51E7 /* Frameworks */ = {
			isa = PBXFrameworksBuildPhase;
			buildActionMask = 2147483647;
			files = (
			);
			runOnlyForDeploymentPostprocessing = 0;
		};
/* End PBXFrameworksBuildPhase section */

/* Begin PBXGroup section */
		218522341F3A0C35008F51E7 = {
			isa = PBXGroup;
			children = (
				2185223F1F3A0C35008F51E7 /* TouchFire */,
				2185223E1F3A0C35008F51E7 /* Products */,
			);
			sourceTree = "<group>";
		};
		2185223E1F3A0C35008F51E7 /* Products */ = {
			isa = PBXGroup;
			children = (
				2185223D1F3A0C35008F51E7 /* TouchFire.app */,
			);
			name = Products;
			sourceTree = "<group>";
		};
		2185223F1F3A0C35008F51E7 /* TouchFire */ = {
			isa = PBXGroup;
			children = (
				218522551F3A0EF7008F51E7 /* ParticleSystem */,
				218522401F3A0C35008F51E7 /* AppDelegate.swift */,
				218522441F3A0C35008F51E7 /* ViewController.swift */,
				218522421F3A0C35008F51E7 /* art.scnassets */,
				218522461F3A0C35008F51E7 /* Main.storyboard */,
				218522491F3A0C35008F51E7 /* Assets.xcassets */,
				2185224B1F3A0C35008F51E7 /* LaunchScreen.storyboard */,
				2185224E1F3A0C35008F51E7 /* Info.plist */,
			);
			path = TouchFire;
			sourceTree = "<group>";
		};
		218522551F3A0EF7008F51E7 /* ParticleSystem */ = {
			isa = PBXGroup;
			children = (
				218522561F3A0F0B008F51E7 /* fire.scnp */,
				218522571F3A0F0B008F51E7 /* spark.png */,
				2185225E1F3A30E8008F51E7 /* smoke.scnp */,
				2185225F1F3A30E8008F51E7 /* smoke.png */,
				218522621F3A360C008F51E7 /* bokeh.scnp */,
				218522631F3A360C008F51E7 /* bokeh.png */,
				218522661F3A3656008F51E7 /* confetti.scnp */,
				218522671F3A3656008F51E7 /* confetti.png */,
				214893D81F3A368E005A232F /* rain.scnp */,
				214893DA1F3A36F7005A232F /* reactor.scnp */,
				214893DC1F3A3744005A232F /* stars.scnp */,
				214893DD1F3A3744005A232F /* star.png */,
			);
			path = ParticleSystem;
			sourceTree = "<group>";
		};
/* End PBXGroup section */

/* Begin PBXNativeTarget section */
		2185223C1F3A0C35008F51E7 /* TouchFire */ = {
			isa = PBXNativeTarget;
			buildConfigurationList = 218522511F3A0C35008F51E7 /* Build configuration list for PBXNativeTarget "TouchFire" */;
			buildPhases = (
				218522391F3A0C35008F51E7 /* Sources */,
				2185223A1F3A0C35008F51E7 /* Frameworks */,
				2185223B1F3A0C35008F51E7 /* Resources */,
			);
			buildRules = (
			);
			dependencies = (
			);
			name = TouchFire;
			productName = TouchFire;
			productReference = 2185223D1F3A0C35008F51E7 /* TouchFire.app */;
			productType = "com.apple.product-type.application";
		};
/* End PBXNativeTarget section */

/* Begin PBXProject section */
		218522351F3A0C35008F51E7 /* Project object */ = {
			isa = PBXProject;
			attributes = {
				LastSwiftUpdateCheck = 0900;
				LastUpgradeCheck = 0900;
				ORGANIZATIONNAME = "Big Leaf Mobile LLC";
				TargetAttributes = {
					2185223C1F3A0C35008F51E7 = {
						CreatedOnToolsVersion = 9.0;
					};
				};
			};
			buildConfigurationList = 218522381F3A0C35008F51E7 /* Build configuration list for PBXProject "TouchFire" */;
			compatibilityVersion = "Xcode 8.0";
			developmentRegion = en;
			hasScannedForEncodings = 0;
			knownRegions = (
				en,
				Base,
			);
			mainGroup = 218522341F3A0C35008F51E7;
			productRefGroup = 2185223E1F3A0C35008F51E7 /* Products */;
			projectDirPath = "";
			projectRoot = "";
			targets = (
				2185223C1F3A0C35008F51E7 /* TouchFire */,
			);
		};
/* End PBXProject section */

/* Begin PBXResourcesBuildPhase section */
		2185223B1F3A0C35008F51E7 /* Resources */ = {
			isa = PBXResourcesBuildPhase;
			buildActionMask = 2147483647;
			files = (
				218522431F3A0C35008F51E7 /* art.scnassets in Resources */,
				218522681F3A3656008F51E7 /* confetti.scnp in Resources */,
				214893DB1F3A36F7005A232F /* reactor.scnp in Resources */,
				218522591F3A0F0B008F51E7 /* spark.png in Resources */,
				214893DE1F3A3744005A232F /* stars.scnp in Resources */,
				214893DF1F3A3744005A232F /* star.png in Resources */,
				218522581F3A0F0B008F51E7 /* fire.scnp in Resources */,
				218522611F3A30E8008F51E7 /* smoke.png in Resources */,
				2185224D1F3A0C35008F51E7 /* LaunchScreen.storyboard in Resources */,
				214893D91F3A368E005A232F /* rain.scnp in Resources */,
				218522651F3A360C008F51E7 /* bokeh.png in Resources */,
				218522641F3A360C008F51E7 /* bokeh.scnp in Resources */,
				2185224A1F3A0C35008F51E7 /* Assets.xcassets in Resources */,
				218522481F3A0C35008F51E7 /* Main.storyboard in Resources */,
				218522601F3A30E8008F51E7 /* smoke.scnp in Resources */,
				218522691F3A3656008F51E7 /* confetti.png in Resources */,
			);
			runOnlyForDeploymentPostprocessing = 0;
		};
/* End PBXResourcesBuildPhase section */

/* Begin PBXSourcesBuildPhase section */
		218522391F3A0C35008F51E7 /* Sources */ = {
			isa = PBXSourcesBuildPhase;
			buildActionMask = 2147483647;
			files = (
				218522451F3A0C35008F51E7 /* ViewController.swift in Sources */,
				218522411F3A0C35008F51E7 /* AppDelegate.swift in Sources */,
			);
			runOnlyForDeploymentPostprocessing = 0;
		};
/* End PBXSourcesBuildPhase section */

/* Begin PBXVariantGroup section */
		218522461F3A0C35008F51E7 /* Main.storyboard */ = {
			isa = PBXVariantGroup;
			children = (
				218522471F3A0C35008F51E7 /* Base */,
			);
			name = Main.storyboard;
			sourceTree = "<group>";
		};
		2185224B1F3A0C35008F51E7 /* LaunchScreen.storyboard */ = {
			isa = PBXVariantGroup;
			children = (
				2185224C1F3A0C35008F51E7 /* Base */,
			);
			name = LaunchScreen.storyboard;
			sourceTree = "<group>";
		};
/* End PBXVariantGroup section */

/* Begin XCBuildConfiguration section */
		2185224F1F3A0C35008F51E7 /* Debug */ = {
			isa = XCBuildConfiguration;
			buildSettings = {
				ALWAYS_SEARCH_USER_PATHS = NO;
				CLANG_ANALYZER_NONNULL = YES;
				CLANG_ANALYZER_NUMBER_OBJECT_CONVERSION = YES_AGGRESSIVE;
				CLANG_CXX_LANGUAGE_STANDARD = "gnu++14";
				CLANG_CXX_LIBRARY = "libc++";
				CLANG_ENABLE_MODULES = YES;
				CLANG_ENABLE_OBJC_ARC = YES;
				CLANG_WARN_BLOCK_CAPTURE_AUTORELEASING = YES;
				CLANG_WARN_BOOL_CONVERSION = YES;
				CLANG_WARN_COMMA = YES;
				CLANG_WARN_CONSTANT_CONVERSION = YES;
				CLANG_WARN_DIRECT_OBJC_ISA_USAGE = YES_ERROR;
				CLANG_WARN_DOCUMENTATION_COMMENTS = YES;
				CLANG_WARN_EMPTY_BODY = YES;
				CLANG_WARN_ENUM_CONVERSION = YES;
				CLANG_WARN_INFINITE_RECURSION = YES;
				CLANG_WARN_INT_CONVERSION = YES;
				CLANG_WARN_NON_LITERAL_NULL_CONVERSION = YES;
				CLANG_WARN_OBJC_LITERAL_CONVERSION = YES;
				CLANG_WARN_OBJC_ROOT_CLASS = YES_ERROR;
				CLANG_WARN_RANGE_LOOP_ANALYSIS = YES;
				CLANG_WARN_STRICT_PROTOTYPES = YES;
				CLANG_WARN_SUSPICIOUS_MOVE = YES;
				CLANG_WARN_UNGUARDED_AVAILABILITY = YES_AGGRESSIVE;
				CLANG_WARN_UNREACHABLE_CODE = YES;
				CLANG_WARN__DUPLICATE_METHOD_MATCH = YES;
				CODE_SIGN_IDENTITY = "iPhone Developer";
				COPY_PHASE_STRIP = NO;
				DEBUG_INFORMATION_FORMAT = dwarf;
				ENABLE_STRICT_OBJC_MSGSEND = YES;
				ENABLE_TESTABILITY = YES;
				GCC_C_LANGUAGE_STANDARD = gnu11;
				GCC_DYNAMIC_NO_PIC = NO;
				GCC_NO_COMMON_BLOCKS = YES;
				GCC_OPTIMIZATION_LEVEL = 0;
				GCC_PREPROCESSOR_DEFINITIONS = (
					"DEBUG=1",
					"$(inherited)",
				);
				GCC_WARN_64_TO_32_BIT_CONVERSION = YES;
				GCC_WARN_ABOUT_RETURN_TYPE = YES_ERROR;
				GCC_WARN_UNDECLARED_SELECTOR = YES;
				GCC_WARN_UNINITIALIZED_AUTOS = YES_AGGRESSIVE;
				GCC_WARN_UNUSED_FUNCTION = YES;
				GCC_WARN_UNUSED_VARIABLE = YES;
				IPHONEOS_DEPLOYMENT_TARGET = 11.0;
				MTL_ENABLE_DEBUG_INFO = YES;
				ONLY_ACTIVE_ARCH = YES;
				SDKROOT = iphoneos;
				SWIFT_ACTIVE_COMPILATION_CONDITIONS = DEBUG;
				SWIFT_OPTIMIZATION_LEVEL = "-Onone";
			};
			name = Debug;
		};
		218522501F3A0C35008F51E7 /* Release */ = {
			isa = XCBuildConfiguration;
			buildSettings = {
				ALWAYS_SEARCH_USER_PATHS = NO;
				CLANG_ANALYZER_NONNULL = YES;
				CLANG_ANALYZER_NUMBER_OBJECT_CONVERSION = YES_AGGRESSIVE;
				CLANG_CXX_LANGUAGE_STANDARD = "gnu++14";
				CLANG_CXX_LIBRARY = "libc++";
				CLANG_ENABLE_MODULES = YES;
				CLANG_ENABLE_OBJC_ARC = YES;
				CLANG_WARN_BLOCK_CAPTURE_AUTORELEASING = YES;
				CLANG_WARN_BOOL_CONVERSION = YES;
				CLANG_WARN_COMMA = YES;
				CLANG_WARN_CONSTANT_CONVERSION = YES;
				CLANG_WARN_DIRECT_OBJC_ISA_USAGE = YES_ERROR;
				CLANG_WARN_DOCUMENTATION_COMMENTS = YES;
				CLANG_WARN_EMPTY_BODY = YES;
				CLANG_WARN_ENUM_CONVERSION = YES;
				CLANG_WARN_INFINITE_RECURSION = YES;
				CLANG_WARN_INT_CONVERSION = YES;
				CLANG_WARN_NON_LITERAL_NULL_CONVERSION = YES;
				CLANG_WARN_OBJC_LITERAL_CONVERSION = YES;
				CLANG_WARN_OBJC_ROOT_CLASS = YES_ERROR;
				CLANG_WARN_RANGE_LOOP_ANALYSIS = YES;
				CLANG_WARN_STRICT_PROTOTYPES = YES;
				CLANG_WARN_SUSPICIOUS_MOVE = YES;
				CLANG_WARN_UNGUARDED_AVAILABILITY = YES_AGGRESSIVE;
				CLANG_WARN_UNREACHABLE_CODE = YES;
				CLANG_WARN__DUPLICATE_METHOD_MATCH = YES;
				CODE_SIGN_IDENTITY = "iPhone Developer";
				COPY_PHASE_STRIP = NO;
				DEBUG_INFORMATION_FORMAT = "dwarf-with-dsym";
				ENABLE_NS_ASSERTIONS = NO;
				ENABLE_STRICT_OBJC_MSGSEND = YES;
				GCC_C_LANGUAGE_STANDARD = gnu11;
				GCC_NO_COMMON_BLOCKS = YES;
				GCC_WARN_64_TO_32_BIT_CONVERSION = YES;
				GCC_WARN_ABOUT_RETURN_TYPE = YES_ERROR;
				GCC_WARN_UNDECLARED_SELECTOR = YES;
				GCC_WARN_UNINITIALIZED_AUTOS = YES_AGGRESSIVE;
				GCC_WARN_UNUSED_FUNCTION = YES;
				GCC_WARN_UNUSED_VARIABLE = YES;
				IPHONEOS_DEPLOYMENT_TARGET = 11.0;
				MTL_ENABLE_DEBUG_INFO = NO;
				SDKROOT = iphoneos;
				SWIFT_OPTIMIZATION_LEVEL = "-Owholemodule";
				VALIDATE_PRODUCT = YES;
			};
			name = Release;
		};
		218522521F3A0C35008F51E7 /* Debug */ = {
			isa = XCBuildConfiguration;
			buildSettings = {
				ASSETCATALOG_COMPILER_APPICON_NAME = AppIcon;
				DEVELOPMENT_TEAM = 7W82CW83DN;
				INFOPLIST_FILE = TouchFire/Info.plist;
				LD_RUNPATH_SEARCH_PATHS = "$(inherited) @executable_path/Frameworks";
				PRODUCT_BUNDLE_IDENTIFIER = com.bigleafmobile.TouchFire;
				PRODUCT_NAME = "$(TARGET_NAME)";
				SWIFT_VERSION = 4.0;
				TARGETED_DEVICE_FAMILY = "1,2";
			};
			name = Debug;
		};
		218522531F3A0C35008F51E7 /* Release */ = {
			isa = XCBuildConfiguration;
			buildSettings = {
				ASSETCATALOG_COMPILER_APPICON_NAME = AppIcon;
				DEVELOPMENT_TEAM = 7W82CW83DN;
				INFOPLIST_FILE = TouchFire/Info.plist;
				LD_RUNPATH_SEARCH_PATHS = "$(inherited) @executable_path/Frameworks";
				PRODUCT_BUNDLE_IDENTIFIER = com.bigleafmobile.TouchFire;
				PRODUCT_NAME = "$(TARGET_NAME)";
				SWIFT_VERSION = 4.0;
				TARGETED_DEVICE_FAMILY = "1,2";
			};
			name = Release;
		};
/* End XCBuildConfiguration section */

/* Begin XCConfigurationList section */
		218522381F3A0C35008F51E7 /* Build configuration list for PBXProject "TouchFire" */ = {
			isa = XCConfigurationList;
			buildConfigurations = (
				2185224F1F3A0C35008F51E7 /* Debug */,
				218522501F3A0C35008F51E7 /* Release */,
			);
			defaultConfigurationIsVisible = 0;
			defaultConfigurationName = Release;
		};
		218522511F3A0C35008F51E7 /* Build configuration list for PBXNativeTarget "TouchFire" */ = {
			isa = XCConfigurationList;
			buildConfigurations = (
				218522521F3A0C35008F51E7 /* Debug */,
				218522531F3A0C35008F51E7 /* Release */,
			);
			defaultConfigurationIsVisible = 0;
			defaultConfigurationName = Release;
		};
/* End XCConfigurationList section */
	};
	rootObject = 218522351F3A0C35008F51E7 /* Project object */;
}
