// !$*UTF8*$!
{
	archiveVersion = 1;
	classes = {
	};
	objectVersion = 48;
	objects = {

/* Begin PBXBuildFile section */
		2194BAF81F3CA847008C99E5 /* AppDelegate.swift in Sources */ = {isa = PBXBuildFile; fileRef = 2194BAF71F3CA847008C99E5 /* AppDelegate.swift */; };
		2194BAFA1F3CA847008C99E5 /* art.scnassets in Resources */ = {isa = PBXBuildFile; fileRef = 2194BAF91F3CA847008C99E5 /* art.scnassets */; };
		2194BAFC1F3CA847008C99E5 /* ViewController.swift in Sources */ = {isa = PBXBuildFile; fileRef = 2194BAFB1F3CA847008C99E5 /* ViewController.swift */; };
		2194BAFF1F3CA847008C99E5 /* Main.storyboard in Resources */ = {isa = PBXBuildFile; fileRef = 2194BAFD1F3CA847008C99E5 /* Main.storyboard */; };
		2194BB011F3CA847008C99E5 /* Assets.xcassets in Resources */ = {isa = PBXBuildFile; fileRef = 2194BB001F3CA847008C99E5 /* Assets.xcassets */; };
		2194BB041F3CA847008C99E5 /* LaunchScreen.storyboard in Resources */ = {isa = PBXBuildFile; fileRef = 2194BB021F3CA847008C99E5 /* LaunchScreen.storyboard */; };
/* End PBXBuildFile section */

/* Begin PBXFileReference section */
		2194BAF41F3CA847008C99E5 /* RotatingEarth.app */ = {isa = PBXFileReference; explicitFileType = wrapper.application; includeInIndex = 0; path = RotatingEarth.app; sourceTree = BUILT_PRODUCTS_DIR; };
		2194BAF71F3CA847008C99E5 /* AppDelegate.swift */ = {isa = PBXFileReference; lastKnownFileType = sourcecode.swift; path = AppDelegate.swift; sourceTree = "<group>"; };
		2194BAF91F3CA847008C99E5 /* art.scnassets */ = {isa = PBXFileReference; lastKnownFileType = wrapper.scnassets; path = art.scnassets; sourceTree = "<group>"; };
		2194BAFB1F3CA847008C99E5 /* ViewController.swift */ = {isa = PBXFileReference; lastKnownFileType = sourcecode.swift; path = ViewController.swift; sourceTree = "<group>"; };
		2194BAFE1F3CA847008C99E5 /* Base */ = {isa = PBXFileReference; lastKnownFileType = file.storyboard; name = Base; path = Base.lproj/Main.storyboard; sourceTree = "<group>"; };
		2194BB001F3CA847008C99E5 /* Assets.xcassets */ = {isa = PBXFileReference; lastKnownFileType = folder.assetcatalog; path = Assets.xcassets; sourceTree = "<group>"; };
		2194BB031F3CA847008C99E5 /* Base */ = {isa = PBXFileReference; lastKnownFileType = file.storyboard; name = Base; path = Base.lproj/LaunchScreen.storyboard; sourceTree = "<group>"; };
		2194BB051F3CA847008C99E5 /* Info.plist */ = {isa = PBXFileReference; lastKnownFileType = text.plist.xml; path = Info.plist; sourceTree = "<group>"; };
/* End PBXFileReference section */

/* Begin PBXFrameworksBuildPhase section */
		2194BAF11F3CA847008C99E5 /* Frameworks */ = {
			isa = PBXFrameworksBuildPhase;
			buildActionMask = 2147483647;
			files = (
			);
			runOnlyForDeploymentPostprocessing = 0;
		};
/* End PBXFrameworksBuildPhase section */

/* Begin PBXGroup section */
		2194BAEB1F3CA847008C99E5 = {
			isa = PBXGroup;
			children = (
				2194BAF61F3CA847008C99E5 /* RotatingEarth */,
				2194BAF51F3CA847008C99E5 /* Products */,
			);
			sourceTree = "<group>";
		};
		2194BAF51F3CA847008C99E5 /* Products */ = {
			isa = PBXGroup;
			children = (
				2194BAF41F3CA847008C99E5 /* RotatingEarth.app */,
			);
			name = Products;
			sourceTree = "<group>";
		};
		2194BAF61F3CA847008C99E5 /* RotatingEarth */ = {
			isa = PBXGroup;
			children = (
				2194BAF71F3CA847008C99E5 /* AppDelegate.swift */,
				2194BAFB1F3CA847008C99E5 /* ViewController.swift */,
				2194BAFD1F3CA847008C99E5 /* Main.storyboard */,
				2194BB021F3CA847008C99E5 /* LaunchScreen.storyboard */,
				2194BAF91F3CA847008C99E5 /* art.scnassets */,
				2194BB001F3CA847008C99E5 /* Assets.xcassets */,
				2194BB051F3CA847008C99E5 /* Info.plist */,
			);
			path = RotatingEarth;
			sourceTree = "<group>";
		};
/* End PBXGroup section */

/* Begin PBXNativeTarget section */
		2194BAF31F3CA847008C99E5 /* RotatingEarth */ = {
			isa = PBXNativeTarget;
			buildConfigurationList = 2194BB081F3CA847008C99E5 /* Build configuration list for PBXNativeTarget "RotatingEarth" */;
			buildPhases = (
				2194BAF01F3CA847008C99E5 /* Sources */,
				2194BAF11F3CA847008C99E5 /* Frameworks */,
				2194BAF21F3CA847008C99E5 /* Resources */,
			);
			buildRules = (
			);
			dependencies = (
			);
			name = RotatingEarth;
			productName = RotatingEarth;
			productReference = 2194BAF41F3CA847008C99E5 /* RotatingEarth.app */;
			productType = "com.apple.product-type.application";
		};
/* End PBXNativeTarget section */

/* Begin PBXProject section */
		2194BAEC1F3CA847008C99E5 /* Project object */ = {
			isa = PBXProject;
			attributes = {
				LastSwiftUpdateCheck = 0900;
				LastUpgradeCheck = 0900;
				ORGANIZATIONNAME = "Clint Cabanero";
				TargetAttributes = {
					2194BAF31F3CA847008C99E5 = {
						CreatedOnToolsVersion = 9.0;
					};
				};
			};
			buildConfigurationList = 2194BAEF1F3CA847008C99E5 /* Build configuration list for PBXProject "RotatingEarth" */;
			compatibilityVersion = "Xcode 8.0";
			developmentRegion = en;
			hasScannedForEncodings = 0;
			knownRegions = (
				en,
				Base,
			);
			mainGroup = 2194BAEB1F3CA847008C99E5;
			productRefGroup = 2194BAF51F3CA847008C99E5 /* Products */;
			projectDirPath = "";
			projectRoot = "";
			targets = (
				2194BAF31F3CA847008C99E5 /* RotatingEarth */,
			);
		};
/* End PBXProject section */

/* Begin PBXResourcesBuildPhase section */
		2194BAF21F3CA847008C99E5 /* Resources */ = {
			isa = PBXResourcesBuildPhase;
			buildActionMask = 2147483647;
			files = (
				2194BAFA1F3CA847008C99E5 /* art.scnassets in Resources */,
				2194BB041F3CA847008C99E5 /* LaunchScreen.storyboard in Resources */,
				2194BB011F3CA847008C99E5 /* Assets.xcassets in Resources */,
				2194BAFF1F3CA847008C99E5 /* Main.storyboard in Resources */,
			);
			runOnlyForDeploymentPostprocessing = 0;
		};
/* End PBXResourcesBuildPhase section */

/* Begin PBXSourcesBuildPhase section */
		2194BAF01F3CA847008C99E5 /* Sources */ = {
			isa = PBXSourcesBuildPhase;
			buildActionMask = 2147483647;
			files = (
				2194BAFC1F3CA847008C99E5 /* ViewController.swift in Sources */,
				2194BAF81F3CA847008C99E5 /* AppDelegate.swift in Sources */,
			);
			runOnlyForDeploymentPostprocessing = 0;
		};
/* End PBXSourcesBuildPhase section */

/* Begin PBXVariantGroup section */
		2194BAFD1F3CA847008C99E5 /* Main.storyboard */ = {
			isa = PBXVariantGroup;
			children = (
				2194BAFE1F3CA847008C99E5 /* Base */,
			);
			name = Main.storyboard;
			sourceTree = "<group>";
		};
		2194BB021F3CA847008C99E5 /* LaunchScreen.storyboard */ = {
			isa = PBXVariantGroup;
			children = (
				2194BB031F3CA847008C99E5 /* Base */,
			);
			name = LaunchScreen.storyboard;
			sourceTree = "<group>";
		};
/* End PBXVariantGroup section */

/* Begin XCBuildConfiguration section */
		2194BB061F3CA847008C99E5 /* Debug */ = {
			isa = XCBuildConfiguration;
			buildSettings = {
				ALWAYS_SEARCH_USER_PATHS = NO;
				CLANG_ANALYZER_NONNULL = YES;
				CLANG_ANALYZER_NUMBER_OBJECT_CONVERSION = YES_AGGRESSIVE;
				CLANG_CXX_LANGUAGE_STANDARD = "gnu++14";
				CLANG_CXX_LIBRARY = "libc++";
				CLANG_ENABLE_MODULES = YES;
				CLANG_ENABLE_OBJC_ARC = YES;
				CLANG_WARN_BLOCK_CAPTURE_AUTORELEASING = YES;
				CLANG_WARN_BOOL_CONVERSION = YES;
				CLANG_WARN_COMMA = YES;
				CLANG_WARN_CONSTANT_CONVERSION = YES;
				CLANG_WARN_DIRECT_OBJC_ISA_USAGE = YES_ERROR;
				CLANG_WARN_DOCUMENTATION_COMMENTS = YES;
				CLANG_WARN_EMPTY_BODY = YES;
				CLANG_WARN_ENUM_CONVERSION = YES;
				CLANG_WARN_INFINITE_RECURSION = YES;
				CLANG_WARN_INT_CONVERSION = YES;
				CLANG_WARN_NON_LITERAL_NULL_CONVERSION = YES;
				CLANG_WARN_OBJC_LITERAL_CONVERSION = YES;
				CLANG_WARN_OBJC_ROOT_CLASS = YES_ERROR;
				CLANG_WARN_RANGE_LOOP_ANALYSIS = YES;
				CLANG_WARN_STRICT_PROTOTYPES = YES;
				CLANG_WARN_SUSPICIOUS_MOVE = YES;
				CLANG_WARN_UNGUARDED_AVAILABILITY = YES_AGGRESSIVE;
				CLANG_WARN_UNREACHABLE_CODE = YES;
				CLANG_WARN__DUPLICATE_METHOD_MATCH = YES;
				CODE_SIGN_IDENTITY = "iPhone Developer";
				COPY_PHASE_STRIP = NO;
				DEBUG_INFORMATION_FORMAT = dwarf;
				ENABLE_STRICT_OBJC_MSGSEND = YES;
				ENABLE_TESTABILITY = YES;
				GCC_C_LANGUAGE_STANDARD = gnu11;
				GCC_DYNAMIC_NO_PIC = NO;
				GCC_NO_COMMON_BLOCKS = YES;
				GCC_OPTIMIZATION_LEVEL = 0;
				GCC_PREPROCESSOR_DEFINITIONS = (
					"DEBUG=1",
					"$(inherited)",
				);
				GCC_WARN_64_TO_32_BIT_CONVERSION = YES;
				GCC_WARN_ABOUT_RETURN_TYPE = YES_ERROR;
				GCC_WARN_UNDECLARED_SELECTOR = YES;
				GCC_WARN_UNINITIALIZED_AUTOS = YES_AGGRESSIVE;
				GCC_WARN_UNUSED_FUNCTION = YES;
				GCC_WARN_UNUSED_VARIABLE = YES;
				IPHONEOS_DEPLOYMENT_TARGET = 11.0;
				MTL_ENABLE_DEBUG_INFO = YES;
				ONLY_ACTIVE_ARCH = YES;
				SDKROOT = iphoneos;
				SWIFT_ACTIVE_COMPILATION_CONDITIONS = DEBUG;
				SWIFT_OPTIMIZATION_LEVEL = "-Onone";
			};
			name = Debug;
		};
		2194BB071F3CA847008C99E5 /* Release */ = {
			isa = XCBuildConfiguration;
			buildSettings = {
				ALWAYS_SEARCH_USER_PATHS = NO;
				CLANG_ANALYZER_NONNULL = YES;
				CLANG_ANALYZER_NUMBER_OBJECT_CONVERSION = YES_AGGRESSIVE;
				CLANG_CXX_LANGUAGE_STANDARD = "gnu++14";
				CLANG_CXX_LIBRARY = "libc++";
				CLANG_ENABLE_MODULES = YES;
				CLANG_ENABLE_OBJC_ARC = YES;
				CLANG_WARN_BLOCK_CAPTURE_AUTORELEASING = YES;
				CLANG_WARN_BOOL_CONVERSION = YES;
				CLANG_WARN_COMMA = YES;
				CLANG_WARN_CONSTANT_CONVERSION = YES;
				CLANG_WARN_DIRECT_OBJC_ISA_USAGE = YES_ERROR;
				CLANG_WARN_DOCUMENTATION_COMMENTS = YES;
				CLANG_WARN_EMPTY_BODY = YES;
				CLANG_WARN_ENUM_CONVERSION = YES;
				CLANG_WARN_INFINITE_RECURSION = YES;
				CLANG_WARN_INT_CONVERSION = YES;
				CLANG_WARN_NON_LITERAL_NULL_CONVERSION = YES;
				CLANG_WARN_OBJC_LITERAL_CONVERSION = YES;
				CLANG_WARN_OBJC_ROOT_CLASS = YES_ERROR;
				CLANG_WARN_RANGE_LOOP_ANALYSIS = YES;
				CLANG_WARN_STRICT_PROTOTYPES = YES;
				CLANG_WARN_SUSPICIOUS_MOVE = YES;
				CLANG_WARN_UNGUARDED_AVAILABILITY = YES_AGGRESSIVE;
				CLANG_WARN_UNREACHABLE_CODE = YES;
				CLANG_WARN__DUPLICATE_METHOD_MATCH = YES;
				CODE_SIGN_IDENTITY = "iPhone Developer";
				COPY_PHASE_STRIP = NO;
				DEBUG_INFORMATION_FORMAT = "dwarf-with-dsym";
				ENABLE_NS_ASSERTIONS = NO;
				ENABLE_STRICT_OBJC_MSGSEND = YES;
				GCC_C_LANGUAGE_STANDARD = gnu11;
				GCC_NO_COMMON_BLOCKS = YES;
				GCC_WARN_64_TO_32_BIT_CONVERSION = YES;
				GCC_WARN_ABOUT_RETURN_TYPE = YES_ERROR;
				GCC_WARN_UNDECLARED_SELECTOR = YES;
				GCC_WARN_UNINITIALIZED_AUTOS = YES_AGGRESSIVE;
				GCC_WARN_UNUSED_FUNCTION = YES;
				GCC_WARN_UNUSED_VARIABLE = YES;
				IPHONEOS_DEPLOYMENT_TARGET = 11.0;
				MTL_ENABLE_DEBUG_INFO = NO;
				SDKROOT = iphoneos;
				SWIFT_OPTIMIZATION_LEVEL = "-Owholemodule";
				VALIDATE_PRODUCT = YES;
			};
			name = Release;
		};
		2194BB091F3CA847008C99E5 /* Debug */ = {
			isa = XCBuildConfiguration;
			buildSettings = {
				ASSETCATALOG_COMPILER_APPICON_NAME = AppIcon;
				DEVELOPMENT_TEAM = RS9YEH4YDX;
				INFOPLIST_FILE = RotatingEarth/Info.plist;
				LD_RUNPATH_SEARCH_PATHS = "$(inherited) @executable_path/Frameworks";
				PRODUCT_BUNDLE_IDENTIFIER = com.clintcabanero.RotatingEarth;
				PRODUCT_NAME = "$(TARGET_NAME)";
				SWIFT_VERSION = 4.0;
				TARGETED_DEVICE_FAMILY = "1,2";
			};
			name = Debug;
		};
		2194BB0A1F3CA847008C99E5 /* Release */ = {
			isa = XCBuildConfiguration;
			buildSettings = {
				ASSETCATALOG_COMPILER_APPICON_NAME = AppIcon;
				DEVELOPMENT_TEAM = RS9YEH4YDX;
				INFOPLIST_FILE = RotatingEarth/Info.plist;
				LD_RUNPATH_SEARCH_PATHS = "$(inherited) @executable_path/Frameworks";
				PRODUCT_BUNDLE_IDENTIFIER = com.clintcabanero.RotatingEarth;
				PRODUCT_NAME = "$(TARGET_NAME)";
				SWIFT_VERSION = 4.0;
				TARGETED_DEVICE_FAMILY = "1,2";
			};
			name = Release;
		};
/* End XCBuildConfiguration section */

/* Begin XCConfigurationList section */
		2194BAEF1F3CA847008C99E5 /* Build configuration list for PBXProject "RotatingEarth" */ = {
			isa = XCConfigurationList;
			buildConfigurations = (
				2194BB061F3CA847008C99E5 /* Debug */,
				2194BB071F3CA847008C99E5 /* Release */,
			);
			defaultConfigurationIsVisible = 0;
			defaultConfigurationName = Release;
		};
		2194BB081F3CA847008C99E5 /* Build configuration list for PBXNativeTarget "RotatingEarth" */ = {
			isa = XCConfigurationList;
			buildConfigurations = (
				2194BB091F3CA847008C99E5 /* Debug */,
				2194BB0A1F3CA847008C99E5 /* Release */,
			);
			defaultConfigurationIsVisible = 0;
			defaultConfigurationName = Release;
		};
/* End XCConfigurationList section */
	};
	rootObject = 2194BAEC1F3CA847008C99E5 /* Project object */;
}
